
Microsoft Visual Studio Solution File, Format Version 12.00
# Visual Studio Version 17
VisualStudioVersion = 17.8.34330.188
MinimumVisualStudioVersion = 10.0.40219.1
Project("{FAE04EC0-301F-11D3-BF4B-00C04F79EFBC}") = "FlightPlanner", "FlightPlanner\FlightPlanner.csproj", "{2E810DAF-F1E4-440B-AC11-51761E2D7ADB}"
EndProject
Global
	GlobalSection(SolutionConfigurationPlatforms) = preSolution
		Debug|Any CPU = Debug|Any CPU
		Release|Any CPU = Release|Any CPU
	EndGlobalSection
	GlobalSection(ProjectConfigurationPlatforms) = postSolution
		{2E810DAF-F1E4-440B-AC11-51761E2D7ADB}.Debug|Any CPU.ActiveCfg = Debug|Any CPU
		{2E810DAF-F1E4-440B-AC11-51761E2D7ADB}.Debug|Any CPU.Build.0 = Debug|Any CPU
		{2E810DAF-F1E4-440B-AC11-51761E2D7ADB}.Release|Any CPU.ActiveCfg = Release|Any CPU
		{2E810DAF-F1E4-440B-AC11-51761E2D7ADB}.Release|Any CPU.Build.0 = Release|Any CPU
	EndGlobalSection
	GlobalSection(SolutionProperties) = preSolution
		HideSolutionNode = FALSE
	EndGlobalSection
	GlobalSection(ExtensibilityGlobals) = postSolution
		SolutionGuid = {C4F3267C-B80D-4A47-BC58-FE958599C7B3}
	EndGlobalSection
EndGlobal
